
Microsoft Visual Studio Solution File, Format Version 12.00
# Visual Studio 2012
Project("{FAE04EC0-301F-11D3-BF4B-00C04F79EFBC}") = "BadOldCommLib", "BadOldCommLib\BadOldCommLib.csproj", "{1F811F43-F190-45C6-A076-B56D38C98277}"
EndProject
Project("{FAE04EC0-301F-11D3-BF4B-00C04F79EFBC}") = "TryTheOldStuffOut", "TryTheOldStuffOut\TryTheOldStuffOut.csproj", "{B5E39B0A-EDBE-45DE-BB9F-F1EEE7C398FE}"
EndProject
Project("{2150E333-8FDC-42A3-9474-1A3956D46DE8}") = "Solution Items", "Solution Items", "{288AEFE6-144D-4CBB-8097-9875306C71BA}"
EndProject
Project("{FAE04EC0-301F-11D3-BF4B-00C04F79EFBC}") = "XmlPartyParser", "XmlPartyParser\XmlPartyParser.csproj", "{D8F31009-78A9-4163-9EB9-32EF514EDF8A}"
EndProject
Project("{FAE04EC0-301F-11D3-BF4B-00C04F79EFBC}") = "XmlPartyParserTests", "XmlPartyParserTests\XmlPartyParserTests.csproj", "{200D226D-A8AE-4AAE-8BE9-3345AA0E96F9}"
EndProject
Global
	GlobalSection(SolutionConfigurationPlatforms) = preSolution
		Debug|Any CPU = Debug|Any CPU
		Debug|Mixed Platforms = Debug|Mixed Platforms
		Debug|x86 = Debug|x86
		Release|Any CPU = Release|Any CPU
		Release|Mixed Platforms = Release|Mixed Platforms
		Release|x86 = Release|x86
	EndGlobalSection
	GlobalSection(ProjectConfigurationPlatforms) = postSolution
		{1F811F43-F190-45C6-A076-B56D38C98277}.Debug|Any CPU.ActiveCfg = Debug|Any CPU
		{1F811F43-F190-45C6-A076-B56D38C98277}.Debug|Any CPU.Build.0 = Debug|Any CPU
		{1F811F43-F190-45C6-A076-B56D38C98277}.Debug|Mixed Platforms.ActiveCfg = Debug|Any CPU
		{1F811F43-F190-45C6-A076-B56D38C98277}.Debug|Mixed Platforms.Build.0 = Debug|Any CPU
		{1F811F43-F190-45C6-A076-B56D38C98277}.Debug|x86.ActiveCfg = Debug|Any CPU
		{1F811F43-F190-45C6-A076-B56D38C98277}.Release|Any CPU.ActiveCfg = Release|Any CPU
		{1F811F43-F190-45C6-A076-B56D38C98277}.Release|Any CPU.Build.0 = Release|Any CPU
		{1F811F43-F190-45C6-A076-B56D38C98277}.Release|Mixed Platforms.ActiveCfg = Release|Any CPU
		{1F811F43-F190-45C6-A076-B56D38C98277}.Release|Mixed Platforms.Build.0 = Release|Any CPU
		{1F811F43-F190-45C6-A076-B56D38C98277}.Release|x86.ActiveCfg = Release|Any CPU
		{B5E39B0A-EDBE-45DE-BB9F-F1EEE7C398FE}.Debug|Any CPU.ActiveCfg = Debug|x86
		{B5E39B0A-EDBE-45DE-BB9F-F1EEE7C398FE}.Debug|Mixed Platforms.ActiveCfg = Debug|x86
		{B5E39B0A-EDBE-45DE-BB9F-F1EEE7C398FE}.Debug|Mixed Platforms.Build.0 = Debug|x86
		{B5E39B0A-EDBE-45DE-BB9F-F1EEE7C398FE}.Debug|x86.ActiveCfg = Debug|x86
		{B5E39B0A-EDBE-45DE-BB9F-F1EEE7C398FE}.Debug|x86.Build.0 = Debug|x86
		{B5E39B0A-EDBE-45DE-BB9F-F1EEE7C398FE}.Release|Any CPU.ActiveCfg = Release|x86
		{B5E39B0A-EDBE-45DE-BB9F-F1EEE7C398FE}.Release|Mixed Platforms.ActiveCfg = Release|x86
		{B5E39B0A-EDBE-45DE-BB9F-F1EEE7C398FE}.Release|Mixed Platforms.Build.0 = Release|x86
		{B5E39B0A-EDBE-45DE-BB9F-F1EEE7C398FE}.Release|x86.ActiveCfg = Release|x86
		{B5E39B0A-EDBE-45DE-BB9F-F1EEE7C398FE}.Release|x86.Build.0 = Release|x86
		{D8F31009-78A9-4163-9EB9-32EF514EDF8A}.Debug|Any CPU.ActiveCfg = Debug|Any CPU
		{D8F31009-78A9-4163-9EB9-32EF514EDF8A}.Debug|Any CPU.Build.0 = Debug|Any CPU
		{D8F31009-78A9-4163-9EB9-32EF514EDF8A}.Debug|Mixed Platforms.ActiveCfg = Debug|Any CPU
		{D8F31009-78A9-4163-9EB9-32EF514EDF8A}.Debug|Mixed Platforms.Build.0 = Debug|Any CPU
		{D8F31009-78A9-4163-9EB9-32EF514EDF8A}.Debug|x86.ActiveCfg = Debug|Any CPU
		{D8F31009-78A9-4163-9EB9-32EF514EDF8A}.Release|Any CPU.ActiveCfg = Release|Any CPU
		{D8F31009-78A9-4163-9EB9-32EF514EDF8A}.Release|Any CPU.Build.0 = Release|Any CPU
		{D8F31009-78A9-4163-9EB9-32EF514EDF8A}.Release|Mixed Platforms.ActiveCfg = Release|Any CPU
		{D8F31009-78A9-4163-9EB9-32EF514EDF8A}.Release|Mixed Platforms.Build.0 = Release|Any CPU
		{D8F31009-78A9-4163-9EB9-32EF514EDF8A}.Release|x86.ActiveCfg = Release|Any CPU
		{200D226D-A8AE-4AAE-8BE9-3345AA0E96F9}.Debug|Any CPU.ActiveCfg = Debug|Any CPU
		{200D226D-A8AE-4AAE-8BE9-3345AA0E96F9}.Debug|Any CPU.Build.0 = Debug|Any CPU
		{200D226D-A8AE-4AAE-8BE9-3345AA0E96F9}.Debug|Mixed Platforms.ActiveCfg = Debug|Any CPU
		{200D226D-A8AE-4AAE-8BE9-3345AA0E96F9}.Debug|Mixed Platforms.Build.0 = Debug|Any CPU
		{200D226D-A8AE-4AAE-8BE9-3345AA0E96F9}.Debug|x86.ActiveCfg = Debug|Any CPU
		{200D226D-A8AE-4AAE-8BE9-3345AA0E96F9}.Release|Any CPU.ActiveCfg = Release|Any CPU
		{200D226D-A8AE-4AAE-8BE9-3345AA0E96F9}.Release|Any CPU.Build.0 = Release|Any CPU
		{200D226D-A8AE-4AAE-8BE9-3345AA0E96F9}.Release|Mixed Platforms.ActiveCfg = Release|Any CPU
		{200D226D-A8AE-4AAE-8BE9-3345AA0E96F9}.Release|Mixed Platforms.Build.0 = Release|Any CPU
		{200D226D-A8AE-4AAE-8BE9-3345AA0E96F9}.Release|x86.ActiveCfg = Release|Any CPU
	EndGlobalSection
	GlobalSection(SolutionProperties) = preSolution
		HideSolutionNode = FALSE
	EndGlobalSection
EndGlobal
