
Microsoft Visual Studio Solution File, Format Version 11.00
# Visual Studio 2010
Project("{FAE04EC0-301F-11D3-BF4B-00C04F79EFBC}") = "BadOldCommLib", "BadOldCommLib\BadOldCommLib.csproj", "{1F811F43-F190-45C6-A076-B56D38C98277}"
EndProject
Project("{FAE04EC0-301F-11D3-BF4B-00C04F79EFBC}") = "TryTheOldStuffOut", "TryTheOldStuffOut\TryTheOldStuffOut.csproj", "{B5E39B0A-EDBE-45DE-BB9F-F1EEE7C398FE}"
EndProject
Project("{FAE04EC0-301F-11D3-BF4B-00C04F79EFBC}") = "XmlFormat", "XmlFormat\XmlFormat.csproj", "{9C9CCDF7-5C9D-4A56-90B6-0AB4D82B8E2A}"
EndProject
Project("{2150E333-8FDC-42A3-9474-1A3956D46DE8}") = "Solution Items", "Solution Items", "{288AEFE6-144D-4CBB-8097-9875306C71BA}"
	ProjectSection(SolutionItems) = preProject
		BrownBagXML.vsmdi = BrownBagXML.vsmdi
		Local.testsettings = Local.testsettings
		TraceAndTestImpact.testsettings = TraceAndTestImpact.testsettings
	EndProjectSection
EndProject
Project("{FAE04EC0-301F-11D3-BF4B-00C04F79EFBC}") = "XmlFormatTests", "XmlFormatTests\XmlFormatTests.csproj", "{6BB64017-FB17-4538-96EB-2DA68E1504E1}"
EndProject
Global
	GlobalSection(TestCaseManagementSettings) = postSolution
		CategoryFile = BrownBagXML.vsmdi
	EndGlobalSection
	GlobalSection(SolutionConfigurationPlatforms) = preSolution
		Debug|Any CPU = Debug|Any CPU
		Debug|Mixed Platforms = Debug|Mixed Platforms
		Debug|x86 = Debug|x86
		Release|Any CPU = Release|Any CPU
		Release|Mixed Platforms = Release|Mixed Platforms
		Release|x86 = Release|x86
	EndGlobalSection
	GlobalSection(ProjectConfigurationPlatforms) = postSolution
		{1F811F43-F190-45C6-A076-B56D38C98277}.Debug|Any CPU.ActiveCfg = Debug|Any CPU
		{1F811F43-F190-45C6-A076-B56D38C98277}.Debug|Any CPU.Build.0 = Debug|Any CPU
		{1F811F43-F190-45C6-A076-B56D38C98277}.Debug|Mixed Platforms.ActiveCfg = Debug|Any CPU
		{1F811F43-F190-45C6-A076-B56D38C98277}.Debug|Mixed Platforms.Build.0 = Debug|Any CPU
		{1F811F43-F190-45C6-A076-B56D38C98277}.Debug|x86.ActiveCfg = Debug|Any CPU
		{1F811F43-F190-45C6-A076-B56D38C98277}.Release|Any CPU.ActiveCfg = Release|Any CPU
		{1F811F43-F190-45C6-A076-B56D38C98277}.Release|Any CPU.Build.0 = Release|Any CPU
		{1F811F43-F190-45C6-A076-B56D38C98277}.Release|Mixed Platforms.ActiveCfg = Release|Any CPU
		{1F811F43-F190-45C6-A076-B56D38C98277}.Release|Mixed Platforms.Build.0 = Release|Any CPU
		{1F811F43-F190-45C6-A076-B56D38C98277}.Release|x86.ActiveCfg = Release|Any CPU
		{B5E39B0A-EDBE-45DE-BB9F-F1EEE7C398FE}.Debug|Any CPU.ActiveCfg = Debug|x86
		{B5E39B0A-EDBE-45DE-BB9F-F1EEE7C398FE}.Debug|Mixed Platforms.ActiveCfg = Debug|x86
		{B5E39B0A-EDBE-45DE-BB9F-F1EEE7C398FE}.Debug|Mixed Platforms.Build.0 = Debug|x86
		{B5E39B0A-EDBE-45DE-BB9F-F1EEE7C398FE}.Debug|x86.ActiveCfg = Debug|x86
		{B5E39B0A-EDBE-45DE-BB9F-F1EEE7C398FE}.Debug|x86.Build.0 = Debug|x86
		{B5E39B0A-EDBE-45DE-BB9F-F1EEE7C398FE}.Release|Any CPU.ActiveCfg = Release|x86
		{B5E39B0A-EDBE-45DE-BB9F-F1EEE7C398FE}.Release|Mixed Platforms.ActiveCfg = Release|x86
		{B5E39B0A-EDBE-45DE-BB9F-F1EEE7C398FE}.Release|Mixed Platforms.Build.0 = Release|x86
		{B5E39B0A-EDBE-45DE-BB9F-F1EEE7C398FE}.Release|x86.ActiveCfg = Release|x86
		{B5E39B0A-EDBE-45DE-BB9F-F1EEE7C398FE}.Release|x86.Build.0 = Release|x86
		{9C9CCDF7-5C9D-4A56-90B6-0AB4D82B8E2A}.Debug|Any CPU.ActiveCfg = Debug|Any CPU
		{9C9CCDF7-5C9D-4A56-90B6-0AB4D82B8E2A}.Debug|Any CPU.Build.0 = Debug|Any CPU
		{9C9CCDF7-5C9D-4A56-90B6-0AB4D82B8E2A}.Debug|Mixed Platforms.ActiveCfg = Debug|Any CPU
		{9C9CCDF7-5C9D-4A56-90B6-0AB4D82B8E2A}.Debug|Mixed Platforms.Build.0 = Debug|Any CPU
		{9C9CCDF7-5C9D-4A56-90B6-0AB4D82B8E2A}.Debug|x86.ActiveCfg = Debug|Any CPU
		{9C9CCDF7-5C9D-4A56-90B6-0AB4D82B8E2A}.Release|Any CPU.ActiveCfg = Release|Any CPU
		{9C9CCDF7-5C9D-4A56-90B6-0AB4D82B8E2A}.Release|Any CPU.Build.0 = Release|Any CPU
		{9C9CCDF7-5C9D-4A56-90B6-0AB4D82B8E2A}.Release|Mixed Platforms.ActiveCfg = Release|Any CPU
		{9C9CCDF7-5C9D-4A56-90B6-0AB4D82B8E2A}.Release|Mixed Platforms.Build.0 = Release|Any CPU
		{9C9CCDF7-5C9D-4A56-90B6-0AB4D82B8E2A}.Release|x86.ActiveCfg = Release|Any CPU
		{6BB64017-FB17-4538-96EB-2DA68E1504E1}.Debug|Any CPU.ActiveCfg = Debug|Any CPU
		{6BB64017-FB17-4538-96EB-2DA68E1504E1}.Debug|Any CPU.Build.0 = Debug|Any CPU
		{6BB64017-FB17-4538-96EB-2DA68E1504E1}.Debug|Mixed Platforms.ActiveCfg = Debug|Any CPU
		{6BB64017-FB17-4538-96EB-2DA68E1504E1}.Debug|Mixed Platforms.Build.0 = Debug|Any CPU
		{6BB64017-FB17-4538-96EB-2DA68E1504E1}.Debug|x86.ActiveCfg = Debug|Any CPU
		{6BB64017-FB17-4538-96EB-2DA68E1504E1}.Release|Any CPU.ActiveCfg = Release|Any CPU
		{6BB64017-FB17-4538-96EB-2DA68E1504E1}.Release|Any CPU.Build.0 = Release|Any CPU
		{6BB64017-FB17-4538-96EB-2DA68E1504E1}.Release|Mixed Platforms.ActiveCfg = Release|Any CPU
		{6BB64017-FB17-4538-96EB-2DA68E1504E1}.Release|Mixed Platforms.Build.0 = Release|Any CPU
		{6BB64017-FB17-4538-96EB-2DA68E1504E1}.Release|x86.ActiveCfg = Release|Any CPU
	EndGlobalSection
	GlobalSection(SolutionProperties) = preSolution
		HideSolutionNode = FALSE
	EndGlobalSection
EndGlobal
